// !$*UTF8*$!
{
	archiveVersion = 1;
	classes = {
	};
	objectVersion = 46;
	objects = {

/* Begin PBXBuildFile section */
		1587D2CDFA0A7961B07BBC69 /* Pods_sampleGroups.framework in Frameworks */ = {isa = PBXBuildFile; fileRef = A476F6E15CE99A77701DE1EE /* Pods_sampleGroups.framework */; };
		4BBECC60E8CA186FF3AE8B54 /* Pods_sampleGroupsTests.framework in Frameworks */ = {isa = PBXBuildFile; fileRef = 9AAF0AFF64A6F48B165804AA /* Pods_sampleGroupsTests.framework */; };
		BA10B9281D5456BE0060E9DF /* homeVC.swift in Sources */ = {isa = PBXBuildFile; fileRef = BA10B9271D5456BE0060E9DF /* homeVC.swift */; };
		BA10B92A1D5457B20060E9DF /* newGroupVC.swift in Sources */ = {isa = PBXBuildFile; fileRef = BA10B9291D5457B20060E9DF /* newGroupVC.swift */; };
		BA10B92C1D5457E50060E9DF /* groupDetailVC.swift in Sources */ = {isa = PBXBuildFile; fileRef = BA10B92B1D5457E50060E9DF /* groupDetailVC.swift */; };
		BA10B92E1D5459790060E9DF /* myGroups.swift in Sources */ = {isa = PBXBuildFile; fileRef = BA10B92D1D5459790060E9DF /* myGroups.swift */; };
		BAF4DDE41D530E320059400A /* AppDelegate.swift in Sources */ = {isa = PBXBuildFile; fileRef = BAF4DDE31D530E320059400A /* AppDelegate.swift */; };
		BAF4DDE61D530E320059400A /* ViewController.swift in Sources */ = {isa = PBXBuildFile; fileRef = BAF4DDE51D530E320059400A /* ViewController.swift */; };
		BAF4DDE91D530E320059400A /* Main.storyboard in Resources */ = {isa = PBXBuildFile; fileRef = BAF4DDE71D530E320059400A /* Main.storyboard */; };
		BAF4DDEB1D530E320059400A /* Assets.xcassets in Resources */ = {isa = PBXBuildFile; fileRef = BAF4DDEA1D530E320059400A /* Assets.xcassets */; };
		BAF4DDEE1D530E320059400A /* LaunchScreen.storyboard in Resources */ = {isa = PBXBuildFile; fileRef = BAF4DDEC1D530E320059400A /* LaunchScreen.storyboard */; };
		BAF4DDF91D530E320059400A /* sampleGroupsTests.swift in Sources */ = {isa = PBXBuildFile; fileRef = BAF4DDF81D530E320059400A /* sampleGroupsTests.swift */; };
		BAF4DE041D530E320059400A /* sampleGroupsUITests.swift in Sources */ = {isa = PBXBuildFile; fileRef = BAF4DE031D530E320059400A /* sampleGroupsUITests.swift */; };
		BAF4DE121D53112D0059400A /* GoogleService-Info.plist in Resources */ = {isa = PBXBuildFile; fileRef = BAF4DE111D53112D0059400A /* GoogleService-Info.plist */; };
		D88845E302BCE75313FC27B6 /* Pods_sampleGroupsUITests.framework in Frameworks */ = {isa = PBXBuildFile; fileRef = 3AD09A16C2C9D288B31D70ED /* Pods_sampleGroupsUITests.framework */; };
/* End PBXBuildFile section */

/* Begin PBXContainerItemProxy section */
		BAF4DDF51D530E320059400A /* PBXContainerItemProxy */ = {
			isa = PBXContainerItemProxy;
			containerPortal = BAF4DDD81D530E320059400A /* Project object */;
			proxyType = 1;
			remoteGlobalIDString = BAF4DDDF1D530E320059400A;
			remoteInfo = sampleGroups;
		};
		BAF4DE001D530E320059400A /* PBXContainerItemProxy */ = {
			isa = PBXContainerItemProxy;
			containerPortal = BAF4DDD81D530E320059400A /* Project object */;
			proxyType = 1;
			remoteGlobalIDString = BAF4DDDF1D530E320059400A;
			remoteInfo = sampleGroups;
		};
/* End PBXContainerItemProxy section */

/* Begin PBXFileReference section */
		04CA667D44C55A3A40A2F89F /* Pods-sampleGroupsTests.release.xcconfig */ = {isa = PBXFileReference; includeInIndex = 1; lastKnownFileType = text.xcconfig; name = "Pods-sampleGroupsTests.release.xcconfig"; path = "Pods/Target Support Files/Pods-sampleGroupsTests/Pods-sampleGroupsTests.release.xcconfig"; sourceTree = "<group>"; };
		3AD09A16C2C9D288B31D70ED /* Pods_sampleGroupsUITests.framework */ = {isa = PBXFileReference; explicitFileType = wrapper.framework; includeInIndex = 0; path = Pods_sampleGroupsUITests.framework; sourceTree = BUILT_PRODUCTS_DIR; };
		5C61CDAB9D88675B5259C7D2 /* Pods-sampleGroupsUITests.release.xcconfig */ = {isa = PBXFileReference; includeInIndex = 1; lastKnownFileType = text.xcconfig; name = "Pods-sampleGroupsUITests.release.xcconfig"; path = "Pods/Target Support Files/Pods-sampleGroupsUITests/Pods-sampleGroupsUITests.release.xcconfig"; sourceTree = "<group>"; };
		6F207A468C1D1C1C3D3344CB /* Pods-sampleGroupsTests.debug.xcconfig */ = {isa = PBXFileReference; includeInIndex = 1; lastKnownFileType = text.xcconfig; name = "Pods-sampleGroupsTests.debug.xcconfig"; path = "Pods/Target Support Files/Pods-sampleGroupsTests/Pods-sampleGroupsTests.debug.xcconfig"; sourceTree = "<group>"; };
		78414A59905C86F9A3C68CED /* Pods-sampleGroups.release.xcconfig */ = {isa = PBXFileReference; includeInIndex = 1; lastKnownFileType = text.xcconfig; name = "Pods-sampleGroups.release.xcconfig"; path = "Pods/Target Support Files/Pods-sampleGroups/Pods-sampleGroups.release.xcconfig"; sourceTree = "<group>"; };
		7909B2E98ECAB43734D354B3 /* Pods-sampleGroupsUITests.debug.xcconfig */ = {isa = PBXFileReference; includeInIndex = 1; lastKnownFileType = text.xcconfig; name = "Pods-sampleGroupsUITests.debug.xcconfig"; path = "Pods/Target Support Files/Pods-sampleGroupsUITests/Pods-sampleGroupsUITests.debug.xcconfig"; sourceTree = "<group>"; };
		9AAF0AFF64A6F48B165804AA /* Pods_sampleGroupsTests.framework */ = {isa = PBXFileReference; explicitFileType = wrapper.framework; includeInIndex = 0; path = Pods_sampleGroupsTests.framework; sourceTree = BUILT_PRODUCTS_DIR; };
		A476F6E15CE99A77701DE1EE /* Pods_sampleGroups.framework */ = {isa = PBXFileReference; explicitFileType = wrapper.framework; includeInIndex = 0; path = Pods_sampleGroups.framework; sourceTree = BUILT_PRODUCTS_DIR; };
		BA10B9271D5456BE0060E9DF /* homeVC.swift */ = {isa = PBXFileReference; fileEncoding = 4; lastKnownFileType = sourcecode.swift; path = homeVC.swift; sourceTree = "<group>"; };
		BA10B9291D5457B20060E9DF /* newGroupVC.swift */ = {isa = PBXFileReference; fileEncoding = 4; lastKnownFileType = sourcecode.swift; path = newGroupVC.swift; sourceTree = "<group>"; };
		BA10B92B1D5457E50060E9DF /* groupDetailVC.swift */ = {isa = PBXFileReference; fileEncoding = 4; lastKnownFileType = sourcecode.swift; path = groupDetailVC.swift; sourceTree = "<group>"; };
		BA10B92D1D5459790060E9DF /* myGroups.swift */ = {isa = PBXFileReference; fileEncoding = 4; lastKnownFileType = sourcecode.swift; path = myGroups.swift; sourceTree = "<group>"; };
		BAF4DDE01D530E320059400A /* sampleGroups.app */ = {isa = PBXFileReference; explicitFileType = wrapper.application; includeInIndex = 0; path = sampleGroups.app; sourceTree = BUILT_PRODUCTS_DIR; };
		BAF4DDE31D530E320059400A /* AppDelegate.swift */ = {isa = PBXFileReference; lastKnownFileType = sourcecode.swift; path = AppDelegate.swift; sourceTree = "<group>"; };
		BAF4DDE51D530E320059400A /* ViewController.swift */ = {isa = PBXFileReference; lastKnownFileType = sourcecode.swift; path = ViewController.swift; sourceTree = "<group>"; };
		BAF4DDE81D530E320059400A /* Base */ = {isa = PBXFileReference; lastKnownFileType = file.storyboard; name = Base; path = Base.lproj/Main.storyboard; sourceTree = "<group>"; };
		BAF4DDEA1D530E320059400A /* Assets.xcassets */ = {isa = PBXFileReference; lastKnownFileType = folder.assetcatalog; path = Assets.xcassets; sourceTree = "<group>"; };
		BAF4DDED1D530E320059400A /* Base */ = {isa = PBXFileReference; lastKnownFileType = file.storyboard; name = Base; path = Base.lproj/LaunchScreen.storyboard; sourceTree = "<group>"; };
		BAF4DDEF1D530E320059400A /* Info.plist */ = {isa = PBXFileReference; lastKnownFileType = text.plist.xml; path = Info.plist; sourceTree = "<group>"; };
		BAF4DDF41D530E320059400A /* sampleGroupsTests.xctest */ = {isa = PBXFileReference; explicitFileType = wrapper.cfbundle; includeInIndex = 0; path = sampleGroupsTests.xctest; sourceTree = BUILT_PRODUCTS_DIR; };
		BAF4DDF81D530E320059400A /* sampleGroupsTests.swift */ = {isa = PBXFileReference; lastKnownFileType = sourcecode.swift; path = sampleGroupsTests.swift; sourceTree = "<group>"; };
		BAF4DDFA1D530E320059400A /* Info.plist */ = {isa = PBXFileReference; lastKnownFileType = text.plist.xml; path = Info.plist; sourceTree = "<group>"; };
		BAF4DDFF1D530E320059400A /* sampleGroupsUITests.xctest */ = {isa = PBXFileReference; explicitFileType = wrapper.cfbundle; includeInIndex = 0; path = sampleGroupsUITests.xctest; sourceTree = BUILT_PRODUCTS_DIR; };
		BAF4DE031D530E320059400A /* sampleGroupsUITests.swift */ = {isa = PBXFileReference; lastKnownFileType = sourcecode.swift; path = sampleGroupsUITests.swift; sourceTree = "<group>"; };
		BAF4DE051D530E320059400A /* Info.plist */ = {isa = PBXFileReference; lastKnownFileType = text.plist.xml; path = Info.plist; sourceTree = "<group>"; };
		BAF4DE111D53112D0059400A /* GoogleService-Info.plist */ = {isa = PBXFileReference; fileEncoding = 4; lastKnownFileType = text.plist.xml; path = "GoogleService-Info.plist"; sourceTree = "<group>"; };
		FA0C3411D02B062239393271 /* Pods-sampleGroups.debug.xcconfig */ = {isa = PBXFileReference; includeInIndex = 1; lastKnownFileType = text.xcconfig; name = "Pods-sampleGroups.debug.xcconfig"; path = "Pods/Target Support Files/Pods-sampleGroups/Pods-sampleGroups.debug.xcconfig"; sourceTree = "<group>"; };
/* End PBXFileReference section */

/* Begin PBXFrameworksBuildPhase section */
		BAF4DDDD1D530E320059400A /* Frameworks */ = {
			isa = PBXFrameworksBuildPhase;
			buildActionMask = 2147483647;
			files = (
				1587D2CDFA0A7961B07BBC69 /* Pods_sampleGroups.framework in Frameworks */,
			);
			runOnlyForDeploymentPostprocessing = 0;
		};
		BAF4DDF11D530E320059400A /* Frameworks */ = {
			isa = PBXFrameworksBuildPhase;
			buildActionMask = 2147483647;
			files = (
				4BBECC60E8CA186FF3AE8B54 /* Pods_sampleGroupsTests.framework in Frameworks */,
			);
			runOnlyForDeploymentPostprocessing = 0;
		};
		BAF4DDFC1D530E320059400A /* Frameworks */ = {
			isa = PBXFrameworksBuildPhase;
			buildActionMask = 2147483647;
			files = (
				D88845E302BCE75313FC27B6 /* Pods_sampleGroupsUITests.framework in Frameworks */,
			);
			runOnlyForDeploymentPostprocessing = 0;
		};
/* End PBXFrameworksBuildPhase section */

/* Begin PBXGroup section */
		5927929CF27E513B12703D3C /* Frameworks */ = {
			isa = PBXGroup;
			children = (
				A476F6E15CE99A77701DE1EE /* Pods_sampleGroups.framework */,
				9AAF0AFF64A6F48B165804AA /* Pods_sampleGroupsTests.framework */,
				3AD09A16C2C9D288B31D70ED /* Pods_sampleGroupsUITests.framework */,
			);
			name = Frameworks;
			sourceTree = "<group>";
		};
		BAF4DDD71D530E320059400A = {
			isa = PBXGroup;
			children = (
				BAF4DDE21D530E320059400A /* sampleGroups */,
				BAF4DDF71D530E320059400A /* sampleGroupsTests */,
				BAF4DE021D530E320059400A /* sampleGroupsUITests */,
				BAF4DDE11D530E320059400A /* Products */,
				C3E11FEBB6583A053DC0AA52 /* Pods */,
				5927929CF27E513B12703D3C /* Frameworks */,
			);
			sourceTree = "<group>";
		};
		BAF4DDE11D530E320059400A /* Products */ = {
			isa = PBXGroup;
			children = (
				BAF4DDE01D530E320059400A /* sampleGroups.app */,
				BAF4DDF41D530E320059400A /* sampleGroupsTests.xctest */,
				BAF4DDFF1D530E320059400A /* sampleGroupsUITests.xctest */,
			);
			name = Products;
			sourceTree = "<group>";
		};
		BAF4DDE21D530E320059400A /* sampleGroups */ = {
			isa = PBXGroup;
			children = (
				BAF4DDE31D530E320059400A /* AppDelegate.swift */,
				BAF4DDE51D530E320059400A /* ViewController.swift */,
				BAF4DDE71D530E320059400A /* Main.storyboard */,
				BAF4DDEA1D530E320059400A /* Assets.xcassets */,
				BAF4DDEC1D530E320059400A /* LaunchScreen.storyboard */,
				BAF4DDEF1D530E320059400A /* Info.plist */,
				BAF4DE111D53112D0059400A /* GoogleService-Info.plist */,
				BA10B9271D5456BE0060E9DF /* homeVC.swift */,
				BA10B9291D5457B20060E9DF /* newGroupVC.swift */,
				BA10B92B1D5457E50060E9DF /* groupDetailVC.swift */,
				BA10B92D1D5459790060E9DF /* myGroups.swift */,
			);
			path = sampleGroups;
			sourceTree = "<group>";
		};
		BAF4DDF71D530E320059400A /* sampleGroupsTests */ = {
			isa = PBXGroup;
			children = (
				BAF4DDF81D530E320059400A /* sampleGroupsTests.swift */,
				BAF4DDFA1D530E320059400A /* Info.plist */,
			);
			path = sampleGroupsTests;
			sourceTree = "<group>";
		};
		BAF4DE021D530E320059400A /* sampleGroupsUITests */ = {
			isa = PBXGroup;
			children = (
				BAF4DE031D530E320059400A /* sampleGroupsUITests.swift */,
				BAF4DE051D530E320059400A /* Info.plist */,
			);
			path = sampleGroupsUITests;
			sourceTree = "<group>";
		};
		C3E11FEBB6583A053DC0AA52 /* Pods */ = {
			isa = PBXGroup;
			children = (
				FA0C3411D02B062239393271 /* Pods-sampleGroups.debug.xcconfig */,
				78414A59905C86F9A3C68CED /* Pods-sampleGroups.release.xcconfig */,
				6F207A468C1D1C1C3D3344CB /* Pods-sampleGroupsTests.debug.xcconfig */,
				04CA667D44C55A3A40A2F89F /* Pods-sampleGroupsTests.release.xcconfig */,
				7909B2E98ECAB43734D354B3 /* Pods-sampleGroupsUITests.debug.xcconfig */,
				5C61CDAB9D88675B5259C7D2 /* Pods-sampleGroupsUITests.release.xcconfig */,
			);
			name = Pods;
			sourceTree = "<group>";
		};
/* End PBXGroup section */

/* Begin PBXNativeTarget section */
		BAF4DDDF1D530E320059400A /* sampleGroups */ = {
			isa = PBXNativeTarget;
			buildConfigurationList = BAF4DE081D530E320059400A /* Build configuration list for PBXNativeTarget "sampleGroups" */;
			buildPhases = (
				82D03C241C74EA71458C6D27 /* [CP] Check Pods Manifest.lock */,
				BAF4DDDC1D530E320059400A /* Sources */,
				BAF4DDDD1D530E320059400A /* Frameworks */,
				BAF4DDDE1D530E320059400A /* Resources */,
				3A08CEF7D38C0DCDB505F1A4 /* [CP] Embed Pods Frameworks */,
				A8A474BC8CF60C9DBE37ECB4 /* [CP] Copy Pods Resources */,
			);
			buildRules = (
			);
			dependencies = (
			);
			name = sampleGroups;
			productName = sampleGroups;
			productReference = BAF4DDE01D530E320059400A /* sampleGroups.app */;
			productType = "com.apple.product-type.application";
		};
		BAF4DDF31D530E320059400A /* sampleGroupsTests */ = {
			isa = PBXNativeTarget;
			buildConfigurationList = BAF4DE0B1D530E320059400A /* Build configuration list for PBXNativeTarget "sampleGroupsTests" */;
			buildPhases = (
				CB69E04B46EDAA3E47C8C17F /* [CP] Check Pods Manifest.lock */,
				BAF4DDF01D530E320059400A /* Sources */,
				BAF4DDF11D530E320059400A /* Frameworks */,
				BAF4DDF21D530E320059400A /* Resources */,
				C73F2E897DB3BFB70051B023 /* [CP] Embed Pods Frameworks */,
				B26F7F870842050FCACB1CC4 /* [CP] Copy Pods Resources */,
			);
			buildRules = (
			);
			dependencies = (
				BAF4DDF61D530E320059400A /* PBXTargetDependency */,
			);
			name = sampleGroupsTests;
			productName = sampleGroupsTests;
			productReference = BAF4DDF41D530E320059400A /* sampleGroupsTests.xctest */;
			productType = "com.apple.product-type.bundle.unit-test";
		};
		BAF4DDFE1D530E320059400A /* sampleGroupsUITests */ = {
			isa = PBXNativeTarget;
			buildConfigurationList = BAF4DE0E1D530E320059400A /* Build configuration list for PBXNativeTarget "sampleGroupsUITests" */;
			buildPhases = (
				17F616982D77F4CE3982CB82 /* [CP] Check Pods Manifest.lock */,
				BAF4DDFB1D530E320059400A /* Sources */,
				BAF4DDFC1D530E320059400A /* Frameworks */,
				BAF4DDFD1D530E320059400A /* Resources */,
				E11BDA71E5154EB15723A99E /* [CP] Copy Pods Resources */,
			);
			buildRules = (
			);
			dependencies = (
				BAF4DE011D530E320059400A /* PBXTargetDependency */,
			);
			name = sampleGroupsUITests;
			productName = sampleGroupsUITests;
			productReference = BAF4DDFF1D530E320059400A /* sampleGroupsUITests.xctest */;
			productType = "com.apple.product-type.bundle.ui-testing";
		};
/* End PBXNativeTarget section */

/* Begin PBXProject section */
		BAF4DDD81D530E320059400A /* Project object */ = {
			isa = PBXProject;
			attributes = {
				LastSwiftUpdateCheck = 0730;
				LastUpgradeCheck = 0730;
				ORGANIZATIONNAME = "Dhawal Majithia";
				TargetAttributes = {
					BAF4DDDF1D530E320059400A = {
						CreatedOnToolsVersion = 7.3.1;
						DevelopmentTeam = 7QJG34GH36;
					};
					BAF4DDF31D530E320059400A = {
						CreatedOnToolsVersion = 7.3.1;
						TestTargetID = BAF4DDDF1D530E320059400A;
					};
					BAF4DDFE1D530E320059400A = {
						CreatedOnToolsVersion = 7.3.1;
						TestTargetID = BAF4DDDF1D530E320059400A;
					};
				};
			};
			buildConfigurationList = BAF4DDDB1D530E320059400A /* Build configuration list for PBXProject "sampleGroups" */;
			compatibilityVersion = "Xcode 3.2";
			developmentRegion = English;
			hasScannedForEncodings = 0;
			knownRegions = (
				en,
				Base,
			);
			mainGroup = BAF4DDD71D530E320059400A;
			productRefGroup = BAF4DDE11D530E320059400A /* Products */;
			projectDirPath = "";
			projectRoot = "";
			targets = (
				BAF4DDDF1D530E320059400A /* sampleGroups */,
				BAF4DDF31D530E320059400A /* sampleGroupsTests */,
				BAF4DDFE1D530E320059400A /* sampleGroupsUITests */,
			);
		};
/* End PBXProject section */

/* Begin PBXResourcesBuildPhase section */
		BAF4DDDE1D530E320059400A /* Resources */ = {
			isa = PBXResourcesBuildPhase;
			buildActionMask = 2147483647;
			files = (
				BAF4DDEE1D530E320059400A /* LaunchScreen.storyboard in Resources */,
				BAF4DE121D53112D0059400A /* GoogleService-Info.plist in Resources */,
				BAF4DDEB1D530E320059400A /* Assets.xcassets in Resources */,
				BAF4DDE91D530E320059400A /* Main.storyboard in Resources */,
			);
			runOnlyForDeploymentPostprocessing = 0;
		};
		BAF4DDF21D530E320059400A /* Resources */ = {
			isa = PBXResourcesBuildPhase;
			buildActionMask = 2147483647;
			files = (
			);
			runOnlyForDeploymentPostprocessing = 0;
		};
		BAF4DDFD1D530E320059400A /* Resources */ = {
			isa = PBXResourcesBuildPhase;
			buildActionMask = 2147483647;
			files = (
			);
			runOnlyForDeploymentPostprocessing = 0;
		};
/* End PBXResourcesBuildPhase section */

/* Begin PBXShellScriptBuildPhase section */
		17F616982D77F4CE3982CB82 /* [CP] Check Pods Manifest.lock */ = {
			isa = PBXShellScriptBuildPhase;
			buildActionMask = 2147483647;
			files = (
			);
			inputPaths = (
			);
			name = "[CP] Check Pods Manifest.lock";
			outputPaths = (
			);
			runOnlyForDeploymentPostprocessing = 0;
			shellPath = /bin/sh;
			shellScript = "diff \"${PODS_ROOT}/../Podfile.lock\" \"${PODS_ROOT}/Manifest.lock\" > /dev/null\nif [[ $? != 0 ]] ; then\n    cat << EOM\nerror: The sandbox is not in sync with the Podfile.lock. Run 'pod install' or update your CocoaPods installation.\nEOM\n    exit 1\nfi\n";
			showEnvVarsInLog = 0;
		};
		3A08CEF7D38C0DCDB505F1A4 /* [CP] Embed Pods Frameworks */ = {
			isa = PBXShellScriptBuildPhase;
			buildActionMask = 2147483647;
			files = (
			);
			inputPaths = (
			);
			name = "[CP] Embed Pods Frameworks";
			outputPaths = (
			);
			runOnlyForDeploymentPostprocessing = 0;
			shellPath = /bin/sh;
			shellScript = "\"${SRCROOT}/Pods/Target Support Files/Pods-sampleGroups/Pods-sampleGroups-frameworks.sh\"\n";
			showEnvVarsInLog = 0;
		};
		82D03C241C74EA71458C6D27 /* [CP] Check Pods Manifest.lock */ = {
			isa = PBXShellScriptBuildPhase;
			buildActionMask = 2147483647;
			files = (
			);
			inputPaths = (
			);
			name = "[CP] Check Pods Manifest.lock";
			outputPaths = (
			);
			runOnlyForDeploymentPostprocessing = 0;
			shellPath = /bin/sh;
			shellScript = "diff \"${PODS_ROOT}/../Podfile.lock\" \"${PODS_ROOT}/Manifest.lock\" > /dev/null\nif [[ $? != 0 ]] ; then\n    cat << EOM\nerror: The sandbox is not in sync with the Podfile.lock. Run 'pod install' or update your CocoaPods installation.\nEOM\n    exit 1\nfi\n";
			showEnvVarsInLog = 0;
		};
		A8A474BC8CF60C9DBE37ECB4 /* [CP] Copy Pods Resources */ = {
			isa = PBXShellScriptBuildPhase;
			buildActionMask = 2147483647;
			files = (
			);
			inputPaths = (
			);
			name = "[CP] Copy Pods Resources";
			outputPaths = (
			);
			runOnlyForDeploymentPostprocessing = 0;
			shellPath = /bin/sh;
			shellScript = "\"${SRCROOT}/Pods/Target Support Files/Pods-sampleGroups/Pods-sampleGroups-resources.sh\"\n";
			showEnvVarsInLog = 0;
		};
		B26F7F870842050FCACB1CC4 /* [CP] Copy Pods Resources */ = {
			isa = PBXShellScriptBuildPhase;
			buildActionMask = 2147483647;
			files = (
			);
			inputPaths = (
			);
			name = "[CP] Copy Pods Resources";
			outputPaths = (
			);
			runOnlyForDeploymentPostprocessing = 0;
			shellPath = /bin/sh;
			shellScript = "\"${SRCROOT}/Pods/Target Support Files/Pods-sampleGroupsTests/Pods-sampleGroupsTests-resources.sh\"\n";
			showEnvVarsInLog = 0;
		};
		C73F2E897DB3BFB70051B023 /* [CP] Embed Pods Frameworks */ = {
			isa = PBXShellScriptBuildPhase;
			buildActionMask = 2147483647;
			files = (
			);
			inputPaths = (
			);
			name = "[CP] Embed Pods Frameworks";
			outputPaths = (
			);
			runOnlyForDeploymentPostprocessing = 0;
			shellPath = /bin/sh;
			shellScript = "\"${SRCROOT}/Pods/Target Support Files/Pods-sampleGroupsTests/Pods-sampleGroupsTests-frameworks.sh\"\n";
			showEnvVarsInLog = 0;
		};
		CB69E04B46EDAA3E47C8C17F /* [CP] Check Pods Manifest.lock */ = {
			isa = PBXShellScriptBuildPhase;
			buildActionMask = 2147483647;
			files = (
			);
			inputPaths = (
			);
			name = "[CP] Check Pods Manifest.lock";
			outputPaths = (
			);
			runOnlyForDeploymentPostprocessing = 0;
			shellPath = /bin/sh;
			shellScript = "diff \"${PODS_ROOT}/../Podfile.lock\" \"${PODS_ROOT}/Manifest.lock\" > /dev/null\nif [[ $? != 0 ]] ; then\n    cat << EOM\nerror: The sandbox is not in sync with the Podfile.lock. Run 'pod install' or update your CocoaPods installation.\nEOM\n    exit 1\nfi\n";
			showEnvVarsInLog = 0;
		};
		E11BDA71E5154EB15723A99E /* [CP] Copy Pods Resources */ = {
			isa = PBXShellScriptBuildPhase;
			buildActionMask = 2147483647;
			files = (
			);
			inputPaths = (
			);
			name = "[CP] Copy Pods Resources";
			outputPaths = (
			);
			runOnlyForDeploymentPostprocessing = 0;
			shellPath = /bin/sh;
			shellScript = "\"${SRCROOT}/Pods/Target Support Files/Pods-sampleGroupsUITests/Pods-sampleGroupsUITests-resources.sh\"\n";
			showEnvVarsInLog = 0;
		};
/* End PBXShellScriptBuildPhase section */

/* Begin PBXSourcesBuildPhase section */
		BAF4DDDC1D530E320059400A /* Sources */ = {
			isa = PBXSourcesBuildPhase;
			buildActionMask = 2147483647;
			files = (
				BAF4DDE61D530E320059400A /* ViewController.swift in Sources */,
				BA10B9281D5456BE0060E9DF /* homeVC.swift in Sources */,
				BA10B92C1D5457E50060E9DF /* groupDetailVC.swift in Sources */,
				BA10B92E1D5459790060E9DF /* myGroups.swift in Sources */,
				BAF4DDE41D530E320059400A /* AppDelegate.swift in Sources */,
				BA10B92A1D5457B20060E9DF /* newGroupVC.swift in Sources */,
			);
			runOnlyForDeploymentPostprocessing = 0;
		};
		BAF4DDF01D530E320059400A /* Sources */ = {
			isa = PBXSourcesBuildPhase;
			buildActionMask = 2147483647;
			files = (
				BAF4DDF91D530E320059400A /* sampleGroupsTests.swift in Sources */,
			);
			runOnlyForDeploymentPostprocessing = 0;
		};
		BAF4DDFB1D530E320059400A /* Sources */ = {
			isa = PBXSourcesBuildPhase;
			buildActionMask = 2147483647;
			files = (
				BAF4DE041D530E320059400A /* sampleGroupsUITests.swift in Sources */,
			);
			runOnlyForDeploymentPostprocessing = 0;
		};
/* End PBXSourcesBuildPhase section */

/* Begin PBXTargetDependency section */
		BAF4DDF61D530E320059400A /* PBXTargetDependency */ = {
			isa = PBXTargetDependency;
			target = BAF4DDDF1D530E320059400A /* sampleGroups */;
			targetProxy = BAF4DDF51D530E320059400A /* PBXContainerItemProxy */;
		};
		BAF4DE011D530E320059400A /* PBXTargetDependency */ = {
			isa = PBXTargetDependency;
			target = BAF4DDDF1D530E320059400A /* sampleGroups */;
			targetProxy = BAF4DE001D530E320059400A /* PBXContainerItemProxy */;
		};
/* End PBXTargetDependency section */

/* Begin PBXVariantGroup section */
		BAF4DDE71D530E320059400A /* Main.storyboard */ = {
			isa = PBXVariantGroup;
			children = (
				BAF4DDE81D530E320059400A /* Base */,
			);
			name = Main.storyboard;
			sourceTree = "<group>";
		};
		BAF4DDEC1D530E320059400A /* LaunchScreen.storyboard */ = {
			isa = PBXVariantGroup;
			children = (
				BAF4DDED1D530E320059400A /* Base */,
			);
			name = LaunchScreen.storyboard;
			sourceTree = "<group>";
		};
/* End PBXVariantGroup section */

/* Begin XCBuildConfiguration section */
		BAF4DE061D530E320059400A /* Debug */ = {
			isa = XCBuildConfiguration;
			buildSettings = {
				ALWAYS_SEARCH_USER_PATHS = NO;
				CLANG_ANALYZER_NONNULL = YES;
				CLANG_CXX_LANGUAGE_STANDARD = "gnu++0x";
				CLANG_CXX_LIBRARY = "libc++";
				CLANG_ENABLE_MODULES = YES;
				CLANG_ENABLE_OBJC_ARC = YES;
				CLANG_WARN_BOOL_CONVERSION = YES;
				CLANG_WARN_CONSTANT_CONVERSION = YES;
				CLANG_WARN_DIRECT_OBJC_ISA_USAGE = YES_ERROR;
				CLANG_WARN_EMPTY_BODY = YES;
				CLANG_WARN_ENUM_CONVERSION = YES;
				CLANG_WARN_INT_CONVERSION = YES;
				CLANG_WARN_OBJC_ROOT_CLASS = YES_ERROR;
				CLANG_WARN_UNREACHABLE_CODE = YES;
				CLANG_WARN__DUPLICATE_METHOD_MATCH = YES;
				"CODE_SIGN_IDENTITY[sdk=iphoneos*]" = "iPhone Developer";
				COPY_PHASE_STRIP = NO;
				DEBUG_INFORMATION_FORMAT = dwarf;
				ENABLE_STRICT_OBJC_MSGSEND = YES;
				ENABLE_TESTABILITY = YES;
				GCC_C_LANGUAGE_STANDARD = gnu99;
				GCC_DYNAMIC_NO_PIC = NO;
				GCC_NO_COMMON_BLOCKS = YES;
				GCC_OPTIMIZATION_LEVEL = 0;
				GCC_PREPROCESSOR_DEFINITIONS = (
					"DEBUG=1",
					"$(inherited)",
				);
				GCC_WARN_64_TO_32_BIT_CONVERSION = YES;
				GCC_WARN_ABOUT_RETURN_TYPE = YES_ERROR;
				GCC_WARN_UNDECLARED_SELECTOR = YES;
				GCC_WARN_UNINITIALIZED_AUTOS = YES_AGGRESSIVE;
				GCC_WARN_UNUSED_FUNCTION = YES;
				GCC_WARN_UNUSED_VARIABLE = YES;
				IPHONEOS_DEPLOYMENT_TARGET = 9.3;
				MTL_ENABLE_DEBUG_INFO = YES;
				ONLY_ACTIVE_ARCH = YES;
				SDKROOT = iphoneos;
				SWIFT_OPTIMIZATION_LEVEL = "-Onone";
			};
			name = Debug;
		};
		BAF4DE071D530E320059400A /* Release */ = {
			isa = XCBuildConfiguration;
			buildSettings = {
				ALWAYS_SEARCH_USER_PATHS = NO;
				CLANG_ANALYZER_NONNULL = YES;
				CLANG_CXX_LANGUAGE_STANDARD = "gnu++0x";
				CLANG_CXX_LIBRARY = "libc++";
				CLANG_ENABLE_MODULES = YES;
				CLANG_ENABLE_OBJC_ARC = YES;
				CLANG_WARN_BOOL_CONVERSION = YES;
				CLANG_WARN_CONSTANT_CONVERSION = YES;
				CLANG_WARN_DIRECT_OBJC_ISA_USAGE = YES_ERROR;
				CLANG_WARN_EMPTY_BODY = YES;
				CLANG_WARN_ENUM_CONVERSION = YES;
				CLANG_WARN_INT_CONVERSION = YES;
				CLANG_WARN_OBJC_ROOT_CLASS = YES_ERROR;
				CLANG_WARN_UNREACHABLE_CODE = YES;
				CLANG_WARN__DUPLICATE_METHOD_MATCH = YES;
				"CODE_SIGN_IDENTITY[sdk=iphoneos*]" = "iPhone Developer";
				COPY_PHASE_STRIP = NO;
				DEBUG_INFORMATION_FORMAT = "dwarf-with-dsym";
				ENABLE_NS_ASSERTIONS = NO;
				ENABLE_STRICT_OBJC_MSGSEND = YES;
				GCC_C_LANGUAGE_STANDARD = gnu99;
				GCC_NO_COMMON_BLOCKS = YES;
				GCC_WARN_64_TO_32_BIT_CONVERSION = YES;
				GCC_WARN_ABOUT_RETURN_TYPE = YES_ERROR;
				GCC_WARN_UNDECLARED_SELECTOR = YES;
				GCC_WARN_UNINITIALIZED_AUTOS = YES_AGGRESSIVE;
				GCC_WARN_UNUSED_FUNCTION = YES;
				GCC_WARN_UNUSED_VARIABLE = YES;
				IPHONEOS_DEPLOYMENT_TARGET = 9.3;
				MTL_ENABLE_DEBUG_INFO = NO;
				SDKROOT = iphoneos;
				VALIDATE_PRODUCT = YES;
			};
			name = Release;
		};
		BAF4DE091D530E320059400A /* Debug */ = {
			isa = XCBuildConfiguration;
			baseConfigurationReference = FA0C3411D02B062239393271 /* Pods-sampleGroups.debug.xcconfig */;
			buildSettings = {
				ASSETCATALOG_COMPILER_APPICON_NAME = AppIcon;
				CODE_SIGN_IDENTITY = "iPhone Developer";
				INFOPLIST_FILE = sampleGroups/Info.plist;
				LD_RUNPATH_SEARCH_PATHS = "$(inherited) @executable_path/Frameworks";
				PRODUCT_BUNDLE_IDENTIFIER = dhmm.sampleGroups;
				PRODUCT_NAME = "$(TARGET_NAME)";
			};
			name = Debug;
		};
		BAF4DE0A1D530E320059400A /* Release */ = {
			isa = XCBuildConfiguration;
			baseConfigurationReference = 78414A59905C86F9A3C68CED /* Pods-sampleGroups.release.xcconfig */;
			buildSettings = {
				ASSETCATALOG_COMPILER_APPICON_NAME = AppIcon;
				CODE_SIGN_IDENTITY = "iPhone Developer";
				INFOPLIST_FILE = sampleGroups/Info.plist;
				LD_RUNPATH_SEARCH_PATHS = "$(inherited) @executable_path/Frameworks";
				PRODUCT_BUNDLE_IDENTIFIER = dhmm.sampleGroups;
				PRODUCT_NAME = "$(TARGET_NAME)";
			};
			name = Release;
		};
		BAF4DE0C1D530E320059400A /* Debug */ = {
			isa = XCBuildConfiguration;
			baseConfigurationReference = 6F207A468C1D1C1C3D3344CB /* Pods-sampleGroupsTests.debug.xcconfig */;
			buildSettings = {
				BUNDLE_LOADER = "$(TEST_HOST)";
				INFOPLIST_FILE = sampleGroupsTests/Info.plist;
				LD_RUNPATH_SEARCH_PATHS = "$(inherited) @executable_path/Frameworks @loader_path/Frameworks";
				PRODUCT_BUNDLE_IDENTIFIER = dhmm.sampleGroupsTests;
				PRODUCT_NAME = "$(TARGET_NAME)";
				TEST_HOST = "$(BUILT_PRODUCTS_DIR)/sampleGroups.app/sampleGroups";
			};
			name = Debug;
		};
		BAF4DE0D1D530E320059400A /* Release */ = {
			isa = XCBuildConfiguration;
			baseConfigurationReference = 04CA667D44C55A3A40A2F89F /* Pods-sampleGroupsTests.release.xcconfig */;
			buildSettings = {
				BUNDLE_LOADER = "$(TEST_HOST)";
				INFOPLIST_FILE = sampleGroupsTests/Info.plist;
				LD_RUNPATH_SEARCH_PATHS = "$(inherited) @executable_path/Frameworks @loader_path/Frameworks";
				PRODUCT_BUNDLE_IDENTIFIER = dhmm.sampleGroupsTests;
				PRODUCT_NAME = "$(TARGET_NAME)";
				TEST_HOST = "$(BUILT_PRODUCTS_DIR)/sampleGroups.app/sampleGroups";
			};
			name = Release;
		};
		BAF4DE0F1D530E320059400A /* Debug */ = {
			isa = XCBuildConfiguration;
			baseConfigurationReference = 7909B2E98ECAB43734D354B3 /* Pods-sampleGroupsUITests.debug.xcconfig */;
			buildSettings = {
				INFOPLIST_FILE = sampleGroupsUITests/Info.plist;
				LD_RUNPATH_SEARCH_PATHS = "$(inherited) @executable_path/Frameworks @loader_path/Frameworks";
				PRODUCT_BUNDLE_IDENTIFIER = dhmm.sampleGroupsUITests;
				PRODUCT_NAME = "$(TARGET_NAME)";
				TEST_TARGET_NAME = sampleGroups;
			};
			name = Debug;
		};
		BAF4DE101D530E320059400A /* Release */ = {
			isa = XCBuildConfiguration;
			baseConfigurationReference = 5C61CDAB9D88675B5259C7D2 /* Pods-sampleGroupsUITests.release.xcconfig */;
			buildSettings = {
				INFOPLIST_FILE = sampleGroupsUITests/Info.plist;
				LD_RUNPATH_SEARCH_PATHS = "$(inherited) @executable_path/Frameworks @loader_path/Frameworks";
				PRODUCT_BUNDLE_IDENTIFIER = dhmm.sampleGroupsUITests;
				PRODUCT_NAME = "$(TARGET_NAME)";
				TEST_TARGET_NAME = sampleGroups;
			};
			name = Release;
		};
/* End XCBuildConfiguration section */

/* Begin XCConfigurationList section */
		BAF4DDDB1D530E320059400A /* Build configuration list for PBXProject "sampleGroups" */ = {
			isa = XCConfigurationList;
			buildConfigurations = (
				BAF4DE061D530E320059400A /* Debug */,
				BAF4DE071D530E320059400A /* Release */,
			);
			defaultConfigurationIsVisible = 0;
			defaultConfigurationName = Release;
		};
		BAF4DE081D530E320059400A /* Build configuration list for PBXNativeTarget "sampleGroups" */ = {
			isa = XCConfigurationList;
			buildConfigurations = (
				BAF4DE091D530E320059400A /* Debug */,
				BAF4DE0A1D530E320059400A /* Release */,
			);
			defaultConfigurationIsVisible = 0;
			defaultConfigurationName = Release;
		};
		BAF4DE0B1D530E320059400A /* Build configuration list for PBXNativeTarget "sampleGroupsTests" */ = {
			isa = XCConfigurationList;
			buildConfigurations = (
				BAF4DE0C1D530E320059400A /* Debug */,
				BAF4DE0D1D530E320059400A /* Release */,
			);
			defaultConfigurationIsVisible = 0;
			defaultConfigurationName = Release;
		};
		BAF4DE0E1D530E320059400A /* Build configuration list for PBXNativeTarget "sampleGroupsUITests" */ = {
			isa = XCConfigurationList;
			buildConfigurations = (
				BAF4DE0F1D530E320059400A /* Debug */,
				BAF4DE101D530E320059400A /* Release */,
			);
			defaultConfigurationIsVisible = 0;
			defaultConfigurationName = Release;
		};
/* End XCConfigurationList section */
	};
	rootObject = BAF4DDD81D530E320059400A /* Project object */;
}
